// !$*UTF8*$!
{
	archiveVersion = 1;
	classes = {
	};
	objectVersion = 50;
	objects = {

/* Begin PBXBuildFile section */
		CF99BD4C2486F4CE00FE7A88 /* AppDelegate.swift in Sources */ = {isa = PBXBuildFile; fileRef = CF99BD4B2486F4CE00FE7A88 /* AppDelegate.swift */; };
		CF99BD4E2486F4CE00FE7A88 /* SceneDelegate.swift in Sources */ = {isa = PBXBuildFile; fileRef = CF99BD4D2486F4CE00FE7A88 /* SceneDelegate.swift */; };
		CF99BD502486F4CE00FE7A88 /* ContentView.swift in Sources */ = {isa = PBXBuildFile; fileRef = CF99BD4F2486F4CE00FE7A88 /* ContentView.swift */; };
		CF99BD522486F4CF00FE7A88 /* Assets.xcassets in Resources */ = {isa = PBXBuildFile; fileRef = CF99BD512486F4CF00FE7A88 /* Assets.xcassets */; };
		CF99BD552486F4CF00FE7A88 /* Preview Assets.xcassets in Resources */ = {isa = PBXBuildFile; fileRef = CF99BD542486F4CF00FE7A88 /* Preview Assets.xcassets */; };
		CF99BD582486F4CF00FE7A88 /* LaunchScreen.storyboard in Resources */ = {isa = PBXBuildFile; fileRef = CF99BD562486F4CF00FE7A88 /* LaunchScreen.storyboard */; };
		CF9AED9C2487C15800AB1B4C /* ExpenseItem.swift in Sources */ = {isa = PBXBuildFile; fileRef = CF9AED9B2487C15800AB1B4C /* ExpenseItem.swift */; };
		CF9AED9E2487CD7500AB1B4C /* AddView.swift in Sources */ = {isa = PBXBuildFile; fileRef = CF9AED9D2487CD7500AB1B4C /* AddView.swift */; };
/* End PBXBuildFile section */

/* Begin PBXFileReference section */
		CF99BD482486F4CE00FE7A88 /* iExpense_7.app */ = {isa = PBXFileReference; explicitFileType = wrapper.application; includeInIndex = 0; path = iExpense_7.app; sourceTree = BUILT_PRODUCTS_DIR; };
		CF99BD4B2486F4CE00FE7A88 /* AppDelegate.swift */ = {isa = PBXFileReference; lastKnownFileType = sourcecode.swift; path = AppDelegate.swift; sourceTree = "<group>"; };
		CF99BD4D2486F4CE00FE7A88 /* SceneDelegate.swift */ = {isa = PBXFileReference; lastKnownFileType = sourcecode.swift; path = SceneDelegate.swift; sourceTree = "<group>"; };
		CF99BD4F2486F4CE00FE7A88 /* ContentView.swift */ = {isa = PBXFileReference; lastKnownFileType = sourcecode.swift; path = ContentView.swift; sourceTree = "<group>"; };
		CF99BD512486F4CF00FE7A88 /* Assets.xcassets */ = {isa = PBXFileReference; lastKnownFileType = folder.assetcatalog; path = Assets.xcassets; sourceTree = "<group>"; };
		CF99BD542486F4CF00FE7A88 /* Preview Assets.xcassets */ = {isa = PBXFileReference; lastKnownFileType = folder.assetcatalog; path = "Preview Assets.xcassets"; sourceTree = "<group>"; };
		CF99BD572486F4CF00FE7A88 /* Base */ = {isa = PBXFileReference; lastKnownFileType = file.storyboard; name = Base; path = Base.lproj/LaunchScreen.storyboard; sourceTree = "<group>"; };
		CF99BD592486F4CF00FE7A88 /* Info.plist */ = {isa = PBXFileReference; lastKnownFileType = text.plist.xml; path = Info.plist; sourceTree = "<group>"; };
		CF9AED9B2487C15800AB1B4C /* ExpenseItem.swift */ = {isa = PBXFileReference; lastKnownFileType = sourcecode.swift; path = ExpenseItem.swift; sourceTree = "<group>"; };
		CF9AED9D2487CD7500AB1B4C /* AddView.swift */ = {isa = PBXFileReference; lastKnownFileType = sourcecode.swift; path = AddView.swift; sourceTree = "<group>"; };
/* End PBXFileReference section */

/* Begin PBXFrameworksBuildPhase section */
		CF99BD452486F4CE00FE7A88 /* Frameworks */ = {
			isa = PBXFrameworksBuildPhase;
			buildActionMask = 2147483647;
			files = (
			);
			runOnlyForDeploymentPostprocessing = 0;
		};
/* End PBXFrameworksBuildPhase section */

/* Begin PBXGroup section */
		CF99BD3F2486F4CE00FE7A88 = {
			isa = PBXGroup;
			children = (
				CF99BD4A2486F4CE00FE7A88 /* iExpense_7 */,
				CF99BD492486F4CE00FE7A88 /* Products */,
			);
			sourceTree = "<group>";
		};
		CF99BD492486F4CE00FE7A88 /* Products */ = {
			isa = PBXGroup;
			children = (
				CF99BD482486F4CE00FE7A88 /* iExpense_7.app */,
			);
			name = Products;
			sourceTree = "<group>";
		};
		CF99BD4A2486F4CE00FE7A88 /* iExpense_7 */ = {
			isa = PBXGroup;
			children = (
				CF99BD4B2486F4CE00FE7A88 /* AppDelegate.swift */,
				CF99BD4D2486F4CE00FE7A88 /* SceneDelegate.swift */,
				CF99BD4F2486F4CE00FE7A88 /* ContentView.swift */,
				CF9AED9D2487CD7500AB1B4C /* AddView.swift */,
				CF99BD512486F4CF00FE7A88 /* Assets.xcassets */,
				CF99BD562486F4CF00FE7A88 /* LaunchScreen.storyboard */,
				CF99BD592486F4CF00FE7A88 /* Info.plist */,
				CF99BD532486F4CF00FE7A88 /* Preview Content */,
				CF9AED9B2487C15800AB1B4C /* ExpenseItem.swift */,
			);
			path = iExpense_7;
			sourceTree = "<group>";
		};
		CF99BD532486F4CF00FE7A88 /* Preview Content */ = {
			isa = PBXGroup;
			children = (
				CF99BD542486F4CF00FE7A88 /* Preview Assets.xcassets */,
			);
			path = "Preview Content";
			sourceTree = "<group>";
		};
/* End PBXGroup section */

/* Begin PBXNativeTarget section */
		CF99BD472486F4CE00FE7A88 /* iExpense_7 */ = {
			isa = PBXNativeTarget;
			buildConfigurationList = CF99BD5C2486F4CF00FE7A88 /* Build configuration list for PBXNativeTarget "iExpense_7" */;
			buildPhases = (
				CF99BD442486F4CE00FE7A88 /* Sources */,
				CF99BD452486F4CE00FE7A88 /* Frameworks */,
				CF99BD462486F4CE00FE7A88 /* Resources */,
			);
			buildRules = (
			);
			dependencies = (
			);
			name = iExpense_7;
			productName = iExpense_7;
			productReference = CF99BD482486F4CE00FE7A88 /* iExpense_7.app */;
			productType = "com.apple.product-type.application";
		};
/* End PBXNativeTarget section */

/* Begin PBXProject section */
		CF99BD402486F4CE00FE7A88 /* Project object */ = {
			isa = PBXProject;
			attributes = {
				LastSwiftUpdateCheck = 1150;
				LastUpgradeCheck = 1150;
				ORGANIZATIONNAME = "Денис Мусатов";
				TargetAttributes = {
					CF99BD472486F4CE00FE7A88 = {
						CreatedOnToolsVersion = 11.5;
					};
				};
			};
			buildConfigurationList = CF99BD432486F4CE00FE7A88 /* Build configuration list for PBXProject "iExpense_7" */;
			compatibilityVersion = "Xcode 9.3";
			developmentRegion = en;
			hasScannedForEncodings = 0;
			knownRegions = (
				en,
				Base,
			);
			mainGroup = CF99BD3F2486F4CE00FE7A88;
			productRefGroup = CF99BD492486F4CE00FE7A88 /* Products */;
			projectDirPath = "";
			projectRoot = "";
			targets = (
				CF99BD472486F4CE00FE7A88 /* iExpense_7 */,
			);
		};
/* End PBXProject section */

/* Begin PBXResourcesBuildPhase section */
		CF99BD462486F4CE00FE7A88 /* Resources */ = {
			isa = PBXResourcesBuildPhase;
			buildActionMask = 2147483647;
			files = (
				CF99BD582486F4CF00FE7A88 /* LaunchScreen.storyboard in Resources */,
				CF99BD552486F4CF00FE7A88 /* Preview Assets.xcassets in Resources */,
				CF99BD522486F4CF00FE7A88 /* Assets.xcassets in Resources */,
			);
			runOnlyForDeploymentPostprocessing = 0;
		};
/* End PBXResourcesBuildPhase section */

/* Begin PBXSourcesBuildPhase section */
		CF99BD442486F4CE00FE7A88 /* Sources */ = {
			isa = PBXSourcesBuildPhase;
			buildActionMask = 2147483647;
			files = (
				CF99BD4C2486F4CE00FE7A88 /* AppDelegate.swift in Sources */,
				CF99BD4E2486F4CE00FE7A88 /* SceneDelegate.swift in Sources */,
				CF9AED9E2487CD7500AB1B4C /* AddView.swift in Sources */,
				CF99BD502486F4CE00FE7A88 /* ContentView.swift in Sources */,
				CF9AED9C2487C15800AB1B4C /* ExpenseItem.swift in Sources */,
			);
			runOnlyForDeploymentPostprocessing = 0;
		};
/* End PBXSourcesBuildPhase section */

/* Begin PBXVariantGroup section */
		CF99BD562486F4CF00FE7A88 /* LaunchScreen.storyboard */ = {
			isa = PBXVariantGroup;
			children = (
				CF99BD572486F4CF00FE7A88 /* Base */,
			);
			name = LaunchScreen.storyboard;
			sourceTree = "<group>";
		};
/* End PBXVariantGroup section */

/* Begin XCBuildConfiguration section */
		CF99BD5A2486F4CF00FE7A88 /* Debug */ = {
			isa = XCBuildConfiguration;
			buildSettings = {
				ALWAYS_SEARCH_USER_PATHS = NO;
				CLANG_ANALYZER_NONNULL = YES;
				CLANG_ANALYZER_NUMBER_OBJECT_CONVERSION = YES_AGGRESSIVE;
				CLANG_CXX_LANGUAGE_STANDARD = "gnu++14";
				CLANG_CXX_LIBRARY = "libc++";
				CLANG_ENABLE_MODULES = YES;
				CLANG_ENABLE_OBJC_ARC = YES;
				CLANG_ENABLE_OBJC_WEAK = YES;
				CLANG_WARN_BLOCK_CAPTURE_AUTORELEASING = YES;
				CLANG_WARN_BOOL_CONVERSION = YES;
				CLANG_WARN_COMMA = YES;
				CLANG_WARN_CONSTANT_CONVERSION = YES;
				CLANG_WARN_DEPRECATED_OBJC_IMPLEMENTATIONS = YES;
				CLANG_WARN_DIRECT_OBJC_ISA_USAGE = YES_ERROR;
				CLANG_WARN_DOCUMENTATION_COMMENTS = YES;
				CLANG_WARN_EMPTY_BODY = YES;
				CLANG_WARN_ENUM_CONVERSION = YES;
				CLANG_WARN_INFINITE_RECURSION = YES;
				CLANG_WARN_INT_CONVERSION = YES;
				CLANG_WARN_NON_LITERAL_NULL_CONVERSION = YES;
				CLANG_WARN_OBJC_IMPLICIT_RETAIN_SELF = YES;
				CLANG_WARN_OBJC_LITERAL_CONVERSION = YES;
				CLANG_WARN_OBJC_ROOT_CLASS = YES_ERROR;
				CLANG_WARN_RANGE_LOOP_ANALYSIS = YES;
				CLANG_WARN_STRICT_PROTOTYPES = YES;
				CLANG_WARN_SUSPICIOUS_MOVE = YES;
				CLANG_WARN_UNGUARDED_AVAILABILITY = YES_AGGRESSIVE;
				CLANG_WARN_UNREACHABLE_CODE = YES;
				CLANG_WARN__DUPLICATE_METHOD_MATCH = YES;
				COPY_PHASE_STRIP = NO;
				DEBUG_INFORMATION_FORMAT = dwarf;
				ENABLE_STRICT_OBJC_MSGSEND = YES;
				ENABLE_TESTABILITY = YES;
				GCC_C_LANGUAGE_STANDARD = gnu11;
				GCC_DYNAMIC_NO_PIC = NO;
				GCC_NO_COMMON_BLOCKS = YES;
				GCC_OPTIMIZATION_LEVEL = 0;
				GCC_PREPROCESSOR_DEFINITIONS = (
					"DEBUG=1",
					"$(inherited)",
				);
				GCC_WARN_64_TO_32_BIT_CONVERSION = YES;
				GCC_WARN_ABOUT_RETURN_TYPE = YES_ERROR;
				GCC_WARN_UNDECLARED_SELECTOR = YES;
				GCC_WARN_UNINITIALIZED_AUTOS = YES_AGGRESSIVE;
				GCC_WARN_UNUSED_FUNCTION = YES;
				GCC_WARN_UNUSED_VARIABLE = YES;
				IPHONEOS_DEPLOYMENT_TARGET = 13.5;
				MTL_ENABLE_DEBUG_INFO = INCLUDE_SOURCE;
				MTL_FAST_MATH = YES;
				ONLY_ACTIVE_ARCH = YES;
				SDKROOT = iphoneos;
				SWIFT_ACTIVE_COMPILATION_CONDITIONS = DEBUG;
				SWIFT_OPTIMIZATION_LEVEL = "-Onone";
			};
			name = Debug;
		};
		CF99BD5B2486F4CF00FE7A88 /* Release */ = {
			isa = XCBuildConfiguration;
			buildSettings = {
				ALWAYS_SEARCH_USER_PATHS = NO;
				CLANG_ANALYZER_NONNULL = YES;
				CLANG_ANALYZER_NUMBER_OBJECT_CONVERSION = YES_AGGRESSIVE;
				CLANG_CXX_LANGUAGE_STANDARD = "gnu++14";
				CLANG_CXX_LIBRARY = "libc++";
				CLANG_ENABLE_MODULES = YES;
				CLANG_ENABLE_OBJC_ARC = YES;
				CLANG_ENABLE_OBJC_WEAK = YES;
				CLANG_WARN_BLOCK_CAPTURE_AUTORELEASING = YES;
				CLANG_WARN_BOOL_CONVERSION = YES;
				CLANG_WARN_COMMA = YES;
				CLANG_WARN_CONSTANT_CONVERSION = YES;
				CLANG_WARN_DEPRECATED_OBJC_IMPLEMENTATIONS = YES;
				CLANG_WARN_DIRECT_OBJC_ISA_USAGE = YES_ERROR;
				CLANG_WARN_DOCUMENTATION_COMMENTS = YES;
				CLANG_WARN_EMPTY_BODY = YES;
				CLANG_WARN_ENUM_CONVERSION = YES;
				CLANG_WARN_INFINITE_RECURSION = YES;
				CLANG_WARN_INT_CONVERSION = YES;
				CLANG_WARN_NON_LITERAL_NULL_CONVERSION = YES;
				CLANG_WARN_OBJC_IMPLICIT_RETAIN_SELF = YES;
				CLANG_WARN_OBJC_LITERAL_CONVERSION = YES;
				CLANG_WARN_OBJC_ROOT_CLASS = YES_ERROR;
				CLANG_WARN_RANGE_LOOP_ANALYSIS = YES;
				CLANG_WARN_STRICT_PROTOTYPES = YES;
				CLANG_WARN_SUSPICIOUS_MOVE = YES;
				CLANG_WARN_UNGUARDED_AVAILABILITY = YES_AGGRESSIVE;
				CLANG_WARN_UNREACHABLE_CODE = YES;
				CLANG_WARN__DUPLICATE_METHOD_MATCH = YES;
				COPY_PHASE_STRIP = NO;
				DEBUG_INFORMATION_FORMAT = "dwarf-with-dsym";
				ENABLE_NS_ASSERTIONS = NO;
				ENABLE_STRICT_OBJC_MSGSEND = YES;
				GCC_C_LANGUAGE_STANDARD = gnu11;
				GCC_NO_COMMON_BLOCKS = YES;
				GCC_WARN_64_TO_32_BIT_CONVERSION = YES;
				GCC_WARN_ABOUT_RETURN_TYPE = YES_ERROR;
				GCC_WARN_UNDECLARED_SELECTOR = YES;
				GCC_WARN_UNINITIALIZED_AUTOS = YES_AGGRESSIVE;
				GCC_WARN_UNUSED_FUNCTION = YES;
				GCC_WARN_UNUSED_VARIABLE = YES;
				IPHONEOS_DEPLOYMENT_TARGET = 13.5;
				MTL_ENABLE_DEBUG_INFO = NO;
				MTL_FAST_MATH = YES;
				SDKROOT = iphoneos;
				SWIFT_COMPILATION_MODE = wholemodule;
				SWIFT_OPTIMIZATION_LEVEL = "-O";
				VALIDATE_PRODUCT = YES;
			};
			name = Release;
		};
		CF99BD5D2486F4CF00FE7A88 /* Debug */ = {
			isa = XCBuildConfiguration;
			buildSettings = {
				ASSETCATALOG_COMPILER_APPICON_NAME = AppIcon;
				CODE_SIGN_STYLE = Automatic;
				DEVELOPMENT_ASSET_PATHS = "\"iExpense_7/Preview Content\"";
				DEVELOPMENT_TEAM = ZTSRVDLXKY;
				ENABLE_PREVIEWS = YES;
				INFOPLIST_FILE = iExpense_7/Info.plist;
				LD_RUNPATH_SEARCH_PATHS = (
					"$(inherited)",
					"@executable_path/Frameworks",
				);
				PRODUCT_BUNDLE_IDENTIFIER = "M-G.iExpense-7";
				PRODUCT_NAME = "$(TARGET_NAME)";
				SWIFT_VERSION = 5.0;
				TARGETED_DEVICE_FAMILY = "1,2";
			};
			name = Debug;
		};
		CF99BD5E2486F4CF00FE7A88 /* Release */ = {
			isa = XCBuildConfiguration;
			buildSettings = {
				ASSETCATALOG_COMPILER_APPICON_NAME = AppIcon;
				CODE_SIGN_STYLE = Automatic;
				DEVELOPMENT_ASSET_PATHS = "\"iExpense_7/Preview Content\"";
				DEVELOPMENT_TEAM = ZTSRVDLXKY;
				ENABLE_PREVIEWS = YES;
				INFOPLIST_FILE = iExpense_7/Info.plist;
				LD_RUNPATH_SEARCH_PATHS = (
					"$(inherited)",
					"@executable_path/Frameworks",
				);
				PRODUCT_BUNDLE_IDENTIFIER = "M-G.iExpense-7";
				PRODUCT_NAME = "$(TARGET_NAME)";
				SWIFT_VERSION = 5.0;
				TARGETED_DEVICE_FAMILY = "1,2";
			};
			name = Release;
		};
/* End XCBuildConfiguration section */

/* Begin XCConfigurationList section */
		CF99BD432486F4CE00FE7A88 /* Build configuration list for PBXProject "iExpense_7" */ = {
			isa = XCConfigurationList;
			buildConfigurations = (
				CF99BD5A2486F4CF00FE7A88 /* Debug */,
				CF99BD5B2486F4CF00FE7A88 /* Release */,
			);
			defaultConfigurationIsVisible = 0;
			defaultConfigurationName = Release;
		};
		CF99BD5C2486F4CF00FE7A88 /* Build configuration list for PBXNativeTarget "iExpense_7" */ = {
			isa = XCConfigurationList;
			buildConfigurations = (
				CF99BD5D2486F4CF00FE7A88 /* Debug */,
				CF99BD5E2486F4CF00FE7A88 /* Release */,
			);
			defaultConfigurationIsVisible = 0;
			defaultConfigurationName = Release;
		};
/* End XCConfigurationList section */
	};
	rootObject = CF99BD402486F4CE00FE7A88 /* Project object */;
}
