// !$*UTF8*$!
{
	archiveVersion = 1;
	classes = {
	};
	objectVersion = 50;
	objects = {

/* Begin PBXBuildFile section */
		CF2618C02496687C004DFF42 /* AppDelegate.swift in Sources */ = {isa = PBXBuildFile; fileRef = CF2618BF2496687C004DFF42 /* AppDelegate.swift */; };
		CF2618C22496687C004DFF42 /* SceneDelegate.swift in Sources */ = {isa = PBXBuildFile; fileRef = CF2618C12496687C004DFF42 /* SceneDelegate.swift */; };
		CF2618C52496687C004DFF42 /* NewBook11.xcdatamodeld in Sources */ = {isa = PBXBuildFile; fileRef = CF2618C32496687C004DFF42 /* NewBook11.xcdatamodeld */; };
		CF2618C72496687C004DFF42 /* ContentView.swift in Sources */ = {isa = PBXBuildFile; fileRef = CF2618C62496687C004DFF42 /* ContentView.swift */; };
		CF2618C92496687D004DFF42 /* Assets.xcassets in Resources */ = {isa = PBXBuildFile; fileRef = CF2618C82496687D004DFF42 /* Assets.xcassets */; };
		CF2618CC2496687D004DFF42 /* Preview Assets.xcassets in Resources */ = {isa = PBXBuildFile; fileRef = CF2618CB2496687D004DFF42 /* Preview Assets.xcassets */; };
		CF2618CF2496687D004DFF42 /* LaunchScreen.storyboard in Resources */ = {isa = PBXBuildFile; fileRef = CF2618CD2496687D004DFF42 /* LaunchScreen.storyboard */; };
		CF2618D72496688C004DFF42 /* AddBookView.swift in Sources */ = {isa = PBXBuildFile; fileRef = CF2618D62496688C004DFF42 /* AddBookView.swift */; };
		CF2618DE2496D8B6004DFF42 /* RatingView.swift in Sources */ = {isa = PBXBuildFile; fileRef = CF2618DD2496D8B6004DFF42 /* RatingView.swift */; };
		CF2618E02496DF3A004DFF42 /* EmojiRatingView.swift in Sources */ = {isa = PBXBuildFile; fileRef = CF2618DF2496DF3A004DFF42 /* EmojiRatingView.swift */; };
		CF2618E224978B61004DFF42 /* DetailView.swift in Sources */ = {isa = PBXBuildFile; fileRef = CF2618E124978B61004DFF42 /* DetailView.swift */; };
/* End PBXBuildFile section */

/* Begin PBXFileReference section */
		CF2618BC2496687C004DFF42 /* NewBook11.app */ = {isa = PBXFileReference; explicitFileType = wrapper.application; includeInIndex = 0; path = NewBook11.app; sourceTree = BUILT_PRODUCTS_DIR; };
		CF2618BF2496687C004DFF42 /* AppDelegate.swift */ = {isa = PBXFileReference; lastKnownFileType = sourcecode.swift; path = AppDelegate.swift; sourceTree = "<group>"; };
		CF2618C12496687C004DFF42 /* SceneDelegate.swift */ = {isa = PBXFileReference; lastKnownFileType = sourcecode.swift; path = SceneDelegate.swift; sourceTree = "<group>"; };
		CF2618C42496687C004DFF42 /* NewBook11.xcdatamodel */ = {isa = PBXFileReference; lastKnownFileType = wrapper.xcdatamodel; path = NewBook11.xcdatamodel; sourceTree = "<group>"; };
		CF2618C62496687C004DFF42 /* ContentView.swift */ = {isa = PBXFileReference; lastKnownFileType = sourcecode.swift; path = ContentView.swift; sourceTree = "<group>"; };
		CF2618C82496687D004DFF42 /* Assets.xcassets */ = {isa = PBXFileReference; lastKnownFileType = folder.assetcatalog; path = Assets.xcassets; sourceTree = "<group>"; };
		CF2618CB2496687D004DFF42 /* Preview Assets.xcassets */ = {isa = PBXFileReference; lastKnownFileType = folder.assetcatalog; path = "Preview Assets.xcassets"; sourceTree = "<group>"; };
		CF2618CE2496687D004DFF42 /* Base */ = {isa = PBXFileReference; lastKnownFileType = file.storyboard; name = Base; path = Base.lproj/LaunchScreen.storyboard; sourceTree = "<group>"; };
		CF2618D02496687D004DFF42 /* Info.plist */ = {isa = PBXFileReference; lastKnownFileType = text.plist.xml; path = Info.plist; sourceTree = "<group>"; };
		CF2618D62496688C004DFF42 /* AddBookView.swift */ = {isa = PBXFileReference; lastKnownFileType = sourcecode.swift; path = AddBookView.swift; sourceTree = "<group>"; };
		CF2618DD2496D8B6004DFF42 /* RatingView.swift */ = {isa = PBXFileReference; lastKnownFileType = sourcecode.swift; path = RatingView.swift; sourceTree = "<group>"; };
		CF2618DF2496DF3A004DFF42 /* EmojiRatingView.swift */ = {isa = PBXFileReference; lastKnownFileType = sourcecode.swift; path = EmojiRatingView.swift; sourceTree = "<group>"; };
		CF2618E124978B61004DFF42 /* DetailView.swift */ = {isa = PBXFileReference; lastKnownFileType = sourcecode.swift; path = DetailView.swift; sourceTree = "<group>"; };
/* End PBXFileReference section */

/* Begin PBXFrameworksBuildPhase section */
		CF2618B92496687C004DFF42 /* Frameworks */ = {
			isa = PBXFrameworksBuildPhase;
			buildActionMask = 2147483647;
			files = (
			);
			runOnlyForDeploymentPostprocessing = 0;
		};
/* End PBXFrameworksBuildPhase section */

/* Begin PBXGroup section */
		CF2618B32496687C004DFF42 = {
			isa = PBXGroup;
			children = (
				CF2618BE2496687C004DFF42 /* NewBook11 */,
				CF2618BD2496687C004DFF42 /* Products */,
			);
			sourceTree = "<group>";
		};
		CF2618BD2496687C004DFF42 /* Products */ = {
			isa = PBXGroup;
			children = (
				CF2618BC2496687C004DFF42 /* NewBook11.app */,
			);
			name = Products;
			sourceTree = "<group>";
		};
		CF2618BE2496687C004DFF42 /* NewBook11 */ = {
			isa = PBXGroup;
			children = (
				CF2618BF2496687C004DFF42 /* AppDelegate.swift */,
				CF2618C12496687C004DFF42 /* SceneDelegate.swift */,
				CF2618C62496687C004DFF42 /* ContentView.swift */,
				CF2618D62496688C004DFF42 /* AddBookView.swift */,
				CF2618C82496687D004DFF42 /* Assets.xcassets */,
				CF2618CD2496687D004DFF42 /* LaunchScreen.storyboard */,
				CF2618D02496687D004DFF42 /* Info.plist */,
				CF2618C32496687C004DFF42 /* NewBook11.xcdatamodeld */,
				CF2618CA2496687D004DFF42 /* Preview Content */,
				CF2618DD2496D8B6004DFF42 /* RatingView.swift */,
				CF2618DF2496DF3A004DFF42 /* EmojiRatingView.swift */,
				CF2618E124978B61004DFF42 /* DetailView.swift */,
			);
			path = NewBook11;
			sourceTree = "<group>";
		};
		CF2618CA2496687D004DFF42 /* Preview Content */ = {
			isa = PBXGroup;
			children = (
				CF2618CB2496687D004DFF42 /* Preview Assets.xcassets */,
			);
			path = "Preview Content";
			sourceTree = "<group>";
		};
/* End PBXGroup section */

/* Begin PBXNativeTarget section */
		CF2618BB2496687C004DFF42 /* NewBook11 */ = {
			isa = PBXNativeTarget;
			buildConfigurationList = CF2618D32496687D004DFF42 /* Build configuration list for PBXNativeTarget "NewBook11" */;
			buildPhases = (
				CF2618B82496687C004DFF42 /* Sources */,
				CF2618B92496687C004DFF42 /* Frameworks */,
				CF2618BA2496687C004DFF42 /* Resources */,
			);
			buildRules = (
			);
			dependencies = (
			);
			name = NewBook11;
			productName = NewBook11;
			productReference = CF2618BC2496687C004DFF42 /* NewBook11.app */;
			productType = "com.apple.product-type.application";
		};
/* End PBXNativeTarget section */

/* Begin PBXProject section */
		CF2618B42496687C004DFF42 /* Project object */ = {
			isa = PBXProject;
			attributes = {
				LastSwiftUpdateCheck = 1150;
				LastUpgradeCheck = 1150;
				ORGANIZATIONNAME = "Денис Мусатов";
				TargetAttributes = {
					CF2618BB2496687C004DFF42 = {
						CreatedOnToolsVersion = 11.5;
					};
				};
			};
			buildConfigurationList = CF2618B72496687C004DFF42 /* Build configuration list for PBXProject "NewBook11" */;
			compatibilityVersion = "Xcode 9.3";
			developmentRegion = en;
			hasScannedForEncodings = 0;
			knownRegions = (
				en,
				Base,
			);
			mainGroup = CF2618B32496687C004DFF42;
			productRefGroup = CF2618BD2496687C004DFF42 /* Products */;
			projectDirPath = "";
			projectRoot = "";
			targets = (
				CF2618BB2496687C004DFF42 /* NewBook11 */,
			);
		};
/* End PBXProject section */

/* Begin PBXResourcesBuildPhase section */
		CF2618BA2496687C004DFF42 /* Resources */ = {
			isa = PBXResourcesBuildPhase;
			buildActionMask = 2147483647;
			files = (
				CF2618CF2496687D004DFF42 /* LaunchScreen.storyboard in Resources */,
				CF2618CC2496687D004DFF42 /* Preview Assets.xcassets in Resources */,
				CF2618C92496687D004DFF42 /* Assets.xcassets in Resources */,
			);
			runOnlyForDeploymentPostprocessing = 0;
		};
/* End PBXResourcesBuildPhase section */

/* Begin PBXSourcesBuildPhase section */
		CF2618B82496687C004DFF42 /* Sources */ = {
			isa = PBXSourcesBuildPhase;
			buildActionMask = 2147483647;
			files = (
				CF2618C02496687C004DFF42 /* AppDelegate.swift in Sources */,
				CF2618E224978B61004DFF42 /* DetailView.swift in Sources */,
				CF2618C22496687C004DFF42 /* SceneDelegate.swift in Sources */,
				CF2618E02496DF3A004DFF42 /* EmojiRatingView.swift in Sources */,
				CF2618C72496687C004DFF42 /* ContentView.swift in Sources */,
				CF2618DE2496D8B6004DFF42 /* RatingView.swift in Sources */,
				CF2618C52496687C004DFF42 /* NewBook11.xcdatamodeld in Sources */,
				CF2618D72496688C004DFF42 /* AddBookView.swift in Sources */,
			);
			runOnlyForDeploymentPostprocessing = 0;
		};
/* End PBXSourcesBuildPhase section */

/* Begin PBXVariantGroup section */
		CF2618CD2496687D004DFF42 /* LaunchScreen.storyboard */ = {
			isa = PBXVariantGroup;
			children = (
				CF2618CE2496687D004DFF42 /* Base */,
			);
			name = LaunchScreen.storyboard;
			sourceTree = "<group>";
		};
/* End PBXVariantGroup section */

/* Begin XCBuildConfiguration section */
		CF2618D12496687D004DFF42 /* Debug */ = {
			isa = XCBuildConfiguration;
			buildSettings = {
				ALWAYS_SEARCH_USER_PATHS = NO;
				CLANG_ANALYZER_NONNULL = YES;
				CLANG_ANALYZER_NUMBER_OBJECT_CONVERSION = YES_AGGRESSIVE;
				CLANG_CXX_LANGUAGE_STANDARD = "gnu++14";
				CLANG_CXX_LIBRARY = "libc++";
				CLANG_ENABLE_MODULES = YES;
				CLANG_ENABLE_OBJC_ARC = YES;
				CLANG_ENABLE_OBJC_WEAK = YES;
				CLANG_WARN_BLOCK_CAPTURE_AUTORELEASING = YES;
				CLANG_WARN_BOOL_CONVERSION = YES;
				CLANG_WARN_COMMA = YES;
				CLANG_WARN_CONSTANT_CONVERSION = YES;
				CLANG_WARN_DEPRECATED_OBJC_IMPLEMENTATIONS = YES;
				CLANG_WARN_DIRECT_OBJC_ISA_USAGE = YES_ERROR;
				CLANG_WARN_DOCUMENTATION_COMMENTS = YES;
				CLANG_WARN_EMPTY_BODY = YES;
				CLANG_WARN_ENUM_CONVERSION = YES;
				CLANG_WARN_INFINITE_RECURSION = YES;
				CLANG_WARN_INT_CONVERSION = YES;
				CLANG_WARN_NON_LITERAL_NULL_CONVERSION = YES;
				CLANG_WARN_OBJC_IMPLICIT_RETAIN_SELF = YES;
				CLANG_WARN_OBJC_LITERAL_CONVERSION = YES;
				CLANG_WARN_OBJC_ROOT_CLASS = YES_ERROR;
				CLANG_WARN_RANGE_LOOP_ANALYSIS = YES;
				CLANG_WARN_STRICT_PROTOTYPES = YES;
				CLANG_WARN_SUSPICIOUS_MOVE = YES;
				CLANG_WARN_UNGUARDED_AVAILABILITY = YES_AGGRESSIVE;
				CLANG_WARN_UNREACHABLE_CODE = YES;
				CLANG_WARN__DUPLICATE_METHOD_MATCH = YES;
				COPY_PHASE_STRIP = NO;
				DEBUG_INFORMATION_FORMAT = dwarf;
				ENABLE_STRICT_OBJC_MSGSEND = YES;
				ENABLE_TESTABILITY = YES;
				GCC_C_LANGUAGE_STANDARD = gnu11;
				GCC_DYNAMIC_NO_PIC = NO;
				GCC_NO_COMMON_BLOCKS = YES;
				GCC_OPTIMIZATION_LEVEL = 0;
				GCC_PREPROCESSOR_DEFINITIONS = (
					"DEBUG=1",
					"$(inherited)",
				);
				GCC_WARN_64_TO_32_BIT_CONVERSION = YES;
				GCC_WARN_ABOUT_RETURN_TYPE = YES_ERROR;
				GCC_WARN_UNDECLARED_SELECTOR = YES;
				GCC_WARN_UNINITIALIZED_AUTOS = YES_AGGRESSIVE;
				GCC_WARN_UNUSED_FUNCTION = YES;
				GCC_WARN_UNUSED_VARIABLE = YES;
				IPHONEOS_DEPLOYMENT_TARGET = 13.5;
				MTL_ENABLE_DEBUG_INFO = INCLUDE_SOURCE;
				MTL_FAST_MATH = YES;
				ONLY_ACTIVE_ARCH = YES;
				SDKROOT = iphoneos;
				SWIFT_ACTIVE_COMPILATION_CONDITIONS = DEBUG;
				SWIFT_OPTIMIZATION_LEVEL = "-Onone";
			};
			name = Debug;
		};
		CF2618D22496687D004DFF42 /* Release */ = {
			isa = XCBuildConfiguration;
			buildSettings = {
				ALWAYS_SEARCH_USER_PATHS = NO;
				CLANG_ANALYZER_NONNULL = YES;
				CLANG_ANALYZER_NUMBER_OBJECT_CONVERSION = YES_AGGRESSIVE;
				CLANG_CXX_LANGUAGE_STANDARD = "gnu++14";
				CLANG_CXX_LIBRARY = "libc++";
				CLANG_ENABLE_MODULES = YES;
				CLANG_ENABLE_OBJC_ARC = YES;
				CLANG_ENABLE_OBJC_WEAK = YES;
				CLANG_WARN_BLOCK_CAPTURE_AUTORELEASING = YES;
				CLANG_WARN_BOOL_CONVERSION = YES;
				CLANG_WARN_COMMA = YES;
				CLANG_WARN_CONSTANT_CONVERSION = YES;
				CLANG_WARN_DEPRECATED_OBJC_IMPLEMENTATIONS = YES;
				CLANG_WARN_DIRECT_OBJC_ISA_USAGE = YES_ERROR;
				CLANG_WARN_DOCUMENTATION_COMMENTS = YES;
				CLANG_WARN_EMPTY_BODY = YES;
				CLANG_WARN_ENUM_CONVERSION = YES;
				CLANG_WARN_INFINITE_RECURSION = YES;
				CLANG_WARN_INT_CONVERSION = YES;
				CLANG_WARN_NON_LITERAL_NULL_CONVERSION = YES;
				CLANG_WARN_OBJC_IMPLICIT_RETAIN_SELF = YES;
				CLANG_WARN_OBJC_LITERAL_CONVERSION = YES;
				CLANG_WARN_OBJC_ROOT_CLASS = YES_ERROR;
				CLANG_WARN_RANGE_LOOP_ANALYSIS = YES;
				CLANG_WARN_STRICT_PROTOTYPES = YES;
				CLANG_WARN_SUSPICIOUS_MOVE = YES;
				CLANG_WARN_UNGUARDED_AVAILABILITY = YES_AGGRESSIVE;
				CLANG_WARN_UNREACHABLE_CODE = YES;
				CLANG_WARN__DUPLICATE_METHOD_MATCH = YES;
				COPY_PHASE_STRIP = NO;
				DEBUG_INFORMATION_FORMAT = "dwarf-with-dsym";
				ENABLE_NS_ASSERTIONS = NO;
				ENABLE_STRICT_OBJC_MSGSEND = YES;
				GCC_C_LANGUAGE_STANDARD = gnu11;
				GCC_NO_COMMON_BLOCKS = YES;
				GCC_WARN_64_TO_32_BIT_CONVERSION = YES;
				GCC_WARN_ABOUT_RETURN_TYPE = YES_ERROR;
				GCC_WARN_UNDECLARED_SELECTOR = YES;
				GCC_WARN_UNINITIALIZED_AUTOS = YES_AGGRESSIVE;
				GCC_WARN_UNUSED_FUNCTION = YES;
				GCC_WARN_UNUSED_VARIABLE = YES;
				IPHONEOS_DEPLOYMENT_TARGET = 13.5;
				MTL_ENABLE_DEBUG_INFO = NO;
				MTL_FAST_MATH = YES;
				SDKROOT = iphoneos;
				SWIFT_COMPILATION_MODE = wholemodule;
				SWIFT_OPTIMIZATION_LEVEL = "-O";
				VALIDATE_PRODUCT = YES;
			};
			name = Release;
		};
		CF2618D42496687D004DFF42 /* Debug */ = {
			isa = XCBuildConfiguration;
			buildSettings = {
				ASSETCATALOG_COMPILER_APPICON_NAME = AppIcon;
				CODE_SIGN_STYLE = Automatic;
				DEVELOPMENT_ASSET_PATHS = "\"NewBook11/Preview Content\"";
				DEVELOPMENT_TEAM = ZTSRVDLXKY;
				ENABLE_PREVIEWS = YES;
				INFOPLIST_FILE = NewBook11/Info.plist;
				LD_RUNPATH_SEARCH_PATHS = (
					"$(inherited)",
					"@executable_path/Frameworks",
				);
				PRODUCT_BUNDLE_IDENTIFIER = "M-G.NewBook11";
				PRODUCT_NAME = "$(TARGET_NAME)";
				SWIFT_VERSION = 5.0;
				TARGETED_DEVICE_FAMILY = "1,2";
			};
			name = Debug;
		};
		CF2618D52496687D004DFF42 /* Release */ = {
			isa = XCBuildConfiguration;
			buildSettings = {
				ASSETCATALOG_COMPILER_APPICON_NAME = AppIcon;
				CODE_SIGN_STYLE = Automatic;
				DEVELOPMENT_ASSET_PATHS = "\"NewBook11/Preview Content\"";
				DEVELOPMENT_TEAM = ZTSRVDLXKY;
				ENABLE_PREVIEWS = YES;
				INFOPLIST_FILE = NewBook11/Info.plist;
				LD_RUNPATH_SEARCH_PATHS = (
					"$(inherited)",
					"@executable_path/Frameworks",
				);
				PRODUCT_BUNDLE_IDENTIFIER = "M-G.NewBook11";
				PRODUCT_NAME = "$(TARGET_NAME)";
				SWIFT_VERSION = 5.0;
				TARGETED_DEVICE_FAMILY = "1,2";
			};
			name = Release;
		};
/* End XCBuildConfiguration section */

/* Begin XCConfigurationList section */
		CF2618B72496687C004DFF42 /* Build configuration list for PBXProject "NewBook11" */ = {
			isa = XCConfigurationList;
			buildConfigurations = (
				CF2618D12496687D004DFF42 /* Debug */,
				CF2618D22496687D004DFF42 /* Release */,
			);
			defaultConfigurationIsVisible = 0;
			defaultConfigurationName = Release;
		};
		CF2618D32496687D004DFF42 /* Build configuration list for PBXNativeTarget "NewBook11" */ = {
			isa = XCConfigurationList;
			buildConfigurations = (
				CF2618D42496687D004DFF42 /* Debug */,
				CF2618D52496687D004DFF42 /* Release */,
			);
			defaultConfigurationIsVisible = 0;
			defaultConfigurationName = Release;
		};
/* End XCConfigurationList section */

/* Begin XCVersionGroup section */
		CF2618C32496687C004DFF42 /* NewBook11.xcdatamodeld */ = {
			isa = XCVersionGroup;
			children = (
				CF2618C42496687C004DFF42 /* NewBook11.xcdatamodel */,
			);
			currentVersion = CF2618C42496687C004DFF42 /* NewBook11.xcdatamodel */;
			path = NewBook11.xcdatamodeld;
			sourceTree = "<group>";
			versionGroupType = wrapper.xcdatamodel;
		};
/* End XCVersionGroup section */
	};
	rootObject = CF2618B42496687C004DFF42 /* Project object */;
}
